
Microsoft Visual Studio Solution File, Format Version 12.00
# Visual Studio Version 16
VisualStudioVersion = 16.0.30413.136
MinimumVisualStudioVersion = 10.0.40219.1
Project("{888888A0-9F3D-457C-B088-3A5042F75D52}") = "U5-2", "U5-2.pyproj", "{56DBA41D-496C-4599-BEBC-FA017E784264}"
EndProject
Global
	GlobalSection(SolutionConfigurationPlatforms) = preSolution
		Debug|Any CPU = Debug|Any CPU
		Release|Any CPU = Release|Any CPU
	EndGlobalSection
	GlobalSection(ProjectConfigurationPlatforms) = postSolution
		{56DBA41D-496C-4599-BEBC-FA017E784264}.Debug|Any CPU.ActiveCfg = Debug|Any CPU
		{56DBA41D-496C-4599-BEBC-FA017E784264}.Release|Any CPU.ActiveCfg = Release|Any CPU
	EndGlobalSection
	GlobalSection(SolutionProperties) = preSolution
		HideSolutionNode = FALSE
	EndGlobalSection
	GlobalSection(ExtensibilityGlobals) = postSolution
		SolutionGuid = {9887DFED-CB2B-40C9-B0A7-F229712DB536}
	EndGlobalSection
EndGlobal
