
Microsoft Visual Studio Solution File, Format Version 12.00
# Visual Studio Version 16
VisualStudioVersion = 16.0.30413.136
MinimumVisualStudioVersion = 10.0.40219.1
Project("{888888A0-9F3D-457C-B088-3A5042F75D52}") = "U3-5.py", "U3-5.py\U3-5.py.pyproj", "{F2FD8DEB-74E9-4FAF-83F9-11F3B7EF231B}"
EndProject
Global
	GlobalSection(SolutionConfigurationPlatforms) = preSolution
		Debug|Any CPU = Debug|Any CPU
		Release|Any CPU = Release|Any CPU
	EndGlobalSection
	GlobalSection(ProjectConfigurationPlatforms) = postSolution
		{F2FD8DEB-74E9-4FAF-83F9-11F3B7EF231B}.Debug|Any CPU.ActiveCfg = Debug|Any CPU
		{F2FD8DEB-74E9-4FAF-83F9-11F3B7EF231B}.Release|Any CPU.ActiveCfg = Release|Any CPU
	EndGlobalSection
	GlobalSection(SolutionProperties) = preSolution
		HideSolutionNode = FALSE
	EndGlobalSection
	GlobalSection(ExtensibilityGlobals) = postSolution
		SolutionGuid = {F3B929E8-2319-45E3-AEA8-B6A914E8AF37}
	EndGlobalSection
EndGlobal
