
Microsoft Visual Studio Solution File, Format Version 12.00
# Visual Studio Version 16
VisualStudioVersion = 16.0.30413.136
MinimumVisualStudioVersion = 10.0.40219.1
Project("{888888A0-9F3D-457C-B088-3A5042F75D52}") = "U12-4", "U12-4\U12-4.pyproj", "{CA9F45F4-0D7A-4FD0-8B45-23FAF0D381AC}"
EndProject
Global
	GlobalSection(SolutionConfigurationPlatforms) = preSolution
		Debug|Any CPU = Debug|Any CPU
		Release|Any CPU = Release|Any CPU
	EndGlobalSection
	GlobalSection(ProjectConfigurationPlatforms) = postSolution
		{CA9F45F4-0D7A-4FD0-8B45-23FAF0D381AC}.Debug|Any CPU.ActiveCfg = Debug|Any CPU
		{CA9F45F4-0D7A-4FD0-8B45-23FAF0D381AC}.Release|Any CPU.ActiveCfg = Release|Any CPU
	EndGlobalSection
	GlobalSection(SolutionProperties) = preSolution
		HideSolutionNode = FALSE
	EndGlobalSection
	GlobalSection(ExtensibilityGlobals) = postSolution
		SolutionGuid = {4C7567E5-F807-4D6D-81BA-D8ABB818DDAC}
	EndGlobalSection
EndGlobal
