
Microsoft Visual Studio Solution File, Format Version 12.00
# Visual Studio Version 16
VisualStudioVersion = 16.0.30413.136
MinimumVisualStudioVersion = 10.0.40219.1
Project("{888888A0-9F3D-457C-B088-3A5042F75D52}") = "U16_1", "U16_1\U16_1.pyproj", "{268826AA-38A4-4373-8536-1D694B589DA5}"
EndProject
Global
	GlobalSection(SolutionConfigurationPlatforms) = preSolution
		Debug|Any CPU = Debug|Any CPU
		Release|Any CPU = Release|Any CPU
	EndGlobalSection
	GlobalSection(ProjectConfigurationPlatforms) = postSolution
		{268826AA-38A4-4373-8536-1D694B589DA5}.Debug|Any CPU.ActiveCfg = Debug|Any CPU
		{268826AA-38A4-4373-8536-1D694B589DA5}.Release|Any CPU.ActiveCfg = Release|Any CPU
	EndGlobalSection
	GlobalSection(SolutionProperties) = preSolution
		HideSolutionNode = FALSE
	EndGlobalSection
	GlobalSection(ExtensibilityGlobals) = postSolution
		SolutionGuid = {6725A360-98CE-4EF0-B203-9213EFE1DB62}
	EndGlobalSection
EndGlobal
