
Microsoft Visual Studio Solution File, Format Version 12.00
# Visual Studio Version 16
VisualStudioVersion = 16.0.30413.136
MinimumVisualStudioVersion = 10.0.40219.1
Project("{888888A0-9F3D-457C-B088-3A5042F75D52}") = "U15-2", "U15-2\U15-2.pyproj", "{608B328F-501D-4307-A5AC-36F2E619B21B}"
EndProject
Global
	GlobalSection(SolutionConfigurationPlatforms) = preSolution
		Debug|Any CPU = Debug|Any CPU
		Release|Any CPU = Release|Any CPU
	EndGlobalSection
	GlobalSection(ProjectConfigurationPlatforms) = postSolution
		{608B328F-501D-4307-A5AC-36F2E619B21B}.Debug|Any CPU.ActiveCfg = Debug|Any CPU
		{608B328F-501D-4307-A5AC-36F2E619B21B}.Release|Any CPU.ActiveCfg = Release|Any CPU
	EndGlobalSection
	GlobalSection(SolutionProperties) = preSolution
		HideSolutionNode = FALSE
	EndGlobalSection
	GlobalSection(ExtensibilityGlobals) = postSolution
		SolutionGuid = {64BEE7AF-9D2D-4503-BE94-7AD57F7142DF}
	EndGlobalSection
EndGlobal
