
Microsoft Visual Studio Solution File, Format Version 12.00
# Visual Studio Version 16
VisualStudioVersion = 16.0.30413.136
MinimumVisualStudioVersion = 10.0.40219.1
Project("{888888A0-9F3D-457C-B088-3A5042F75D52}") = "U6-8", "U6-8\U6-8.pyproj", "{55836300-E8A8-4E68-B05D-76493A16E16E}"
EndProject
Global
	GlobalSection(SolutionConfigurationPlatforms) = preSolution
		Debug|Any CPU = Debug|Any CPU
		Release|Any CPU = Release|Any CPU
	EndGlobalSection
	GlobalSection(ProjectConfigurationPlatforms) = postSolution
		{55836300-E8A8-4E68-B05D-76493A16E16E}.Debug|Any CPU.ActiveCfg = Debug|Any CPU
		{55836300-E8A8-4E68-B05D-76493A16E16E}.Release|Any CPU.ActiveCfg = Release|Any CPU
	EndGlobalSection
	GlobalSection(SolutionProperties) = preSolution
		HideSolutionNode = FALSE
	EndGlobalSection
	GlobalSection(ExtensibilityGlobals) = postSolution
		SolutionGuid = {0CE66CCF-3C03-41EB-9CD3-F566840EA75E}
	EndGlobalSection
EndGlobal
