
Microsoft Visual Studio Solution File, Format Version 12.00
# Visual Studio Version 16
VisualStudioVersion = 16.0.30413.136
MinimumVisualStudioVersion = 10.0.40219.1
Project("{888888A0-9F3D-457C-B088-3A5042F75D52}") = "U9-7", "U9-7.pyproj", "{58527805-5230-4714-9771-2CCDB473E2DB}"
EndProject
Global
	GlobalSection(SolutionConfigurationPlatforms) = preSolution
		Debug|Any CPU = Debug|Any CPU
		Release|Any CPU = Release|Any CPU
	EndGlobalSection
	GlobalSection(ProjectConfigurationPlatforms) = postSolution
		{58527805-5230-4714-9771-2CCDB473E2DB}.Debug|Any CPU.ActiveCfg = Debug|Any CPU
		{58527805-5230-4714-9771-2CCDB473E2DB}.Release|Any CPU.ActiveCfg = Release|Any CPU
	EndGlobalSection
	GlobalSection(SolutionProperties) = preSolution
		HideSolutionNode = FALSE
	EndGlobalSection
	GlobalSection(ExtensibilityGlobals) = postSolution
		SolutionGuid = {AA36B37D-6BAC-4CA3-8734-6F17C4BE7534}
	EndGlobalSection
EndGlobal
