
Microsoft Visual Studio Solution File, Format Version 12.00
# Visual Studio Version 16
VisualStudioVersion = 16.0.30413.136
MinimumVisualStudioVersion = 10.0.40219.1
Project("{888888A0-9F3D-457C-B088-3A5042F75D52}") = "U12-6", "U12-6\U12-6.pyproj", "{08C1F755-6D1F-43C1-BF59-7323A0C0F19C}"
EndProject
Global
	GlobalSection(SolutionConfigurationPlatforms) = preSolution
		Debug|Any CPU = Debug|Any CPU
		Release|Any CPU = Release|Any CPU
	EndGlobalSection
	GlobalSection(ProjectConfigurationPlatforms) = postSolution
		{08C1F755-6D1F-43C1-BF59-7323A0C0F19C}.Debug|Any CPU.ActiveCfg = Debug|Any CPU
		{08C1F755-6D1F-43C1-BF59-7323A0C0F19C}.Release|Any CPU.ActiveCfg = Release|Any CPU
	EndGlobalSection
	GlobalSection(SolutionProperties) = preSolution
		HideSolutionNode = FALSE
	EndGlobalSection
	GlobalSection(ExtensibilityGlobals) = postSolution
		SolutionGuid = {7836FEE5-12A8-4788-9882-2C037CB8F66D}
	EndGlobalSection
EndGlobal
