
Microsoft Visual Studio Solution File, Format Version 12.00
# Visual Studio Version 16
VisualStudioVersion = 16.0.30413.136
MinimumVisualStudioVersion = 10.0.40219.1
Project("{888888A0-9F3D-457C-B088-3A5042F75D52}") = "U4-1.py", "U4-1.py\U4-1.py.pyproj", "{FFF447B2-F55E-4528-BFDA-4292D0E3D196}"
EndProject
Global
	GlobalSection(SolutionConfigurationPlatforms) = preSolution
		Debug|Any CPU = Debug|Any CPU
		Release|Any CPU = Release|Any CPU
	EndGlobalSection
	GlobalSection(ProjectConfigurationPlatforms) = postSolution
		{FFF447B2-F55E-4528-BFDA-4292D0E3D196}.Debug|Any CPU.ActiveCfg = Debug|Any CPU
		{FFF447B2-F55E-4528-BFDA-4292D0E3D196}.Release|Any CPU.ActiveCfg = Release|Any CPU
	EndGlobalSection
	GlobalSection(SolutionProperties) = preSolution
		HideSolutionNode = FALSE
	EndGlobalSection
	GlobalSection(ExtensibilityGlobals) = postSolution
		SolutionGuid = {B17964F6-867C-422D-B689-492A5F12B2A7}
	EndGlobalSection
EndGlobal
