
Microsoft Visual Studio Solution File, Format Version 12.00
# Visual Studio Version 16
VisualStudioVersion = 16.0.30413.136
MinimumVisualStudioVersion = 10.0.40219.1
Project("{888888A0-9F3D-457C-B088-3A5042F75D52}") = "U9-5", "U9-5.pyproj", "{629E5078-FEA8-4179-8EA5-1C82EED86759}"
EndProject
Global
	GlobalSection(SolutionConfigurationPlatforms) = preSolution
		Debug|Any CPU = Debug|Any CPU
		Release|Any CPU = Release|Any CPU
	EndGlobalSection
	GlobalSection(ProjectConfigurationPlatforms) = postSolution
		{629E5078-FEA8-4179-8EA5-1C82EED86759}.Debug|Any CPU.ActiveCfg = Debug|Any CPU
		{629E5078-FEA8-4179-8EA5-1C82EED86759}.Release|Any CPU.ActiveCfg = Release|Any CPU
	EndGlobalSection
	GlobalSection(SolutionProperties) = preSolution
		HideSolutionNode = FALSE
	EndGlobalSection
	GlobalSection(ExtensibilityGlobals) = postSolution
		SolutionGuid = {416428FC-16F5-4C09-9063-EB06AEDE2A35}
	EndGlobalSection
EndGlobal
