
Microsoft Visual Studio Solution File, Format Version 12.00
# Visual Studio Version 16
VisualStudioVersion = 16.0.30413.136
MinimumVisualStudioVersion = 10.0.40219.1
Project("{888888A0-9F3D-457C-B088-3A5042F75D52}") = "U14-4", "U14-4\U14-4.pyproj", "{EC0DA627-854B-4B7E-8940-D7416842FA01}"
EndProject
Global
	GlobalSection(SolutionConfigurationPlatforms) = preSolution
		Debug|Any CPU = Debug|Any CPU
		Release|Any CPU = Release|Any CPU
	EndGlobalSection
	GlobalSection(ProjectConfigurationPlatforms) = postSolution
		{EC0DA627-854B-4B7E-8940-D7416842FA01}.Debug|Any CPU.ActiveCfg = Debug|Any CPU
		{EC0DA627-854B-4B7E-8940-D7416842FA01}.Release|Any CPU.ActiveCfg = Release|Any CPU
	EndGlobalSection
	GlobalSection(SolutionProperties) = preSolution
		HideSolutionNode = FALSE
	EndGlobalSection
	GlobalSection(ExtensibilityGlobals) = postSolution
		SolutionGuid = {5448A445-F49A-4917-B556-7FBDA73F1D27}
	EndGlobalSection
EndGlobal
