
Microsoft Visual Studio Solution File, Format Version 12.00
# Visual Studio Version 16
VisualStudioVersion = 16.0.30413.136
MinimumVisualStudioVersion = 10.0.40219.1
Project("{888888A0-9F3D-457C-B088-3A5042F75D52}") = "U8-6", "U8-6.pyproj", "{54F41736-7CE7-43AC-8685-4F4D8443FC60}"
EndProject
Global
	GlobalSection(SolutionConfigurationPlatforms) = preSolution
		Debug|Any CPU = Debug|Any CPU
		Release|Any CPU = Release|Any CPU
	EndGlobalSection
	GlobalSection(ProjectConfigurationPlatforms) = postSolution
		{54F41736-7CE7-43AC-8685-4F4D8443FC60}.Debug|Any CPU.ActiveCfg = Debug|Any CPU
		{54F41736-7CE7-43AC-8685-4F4D8443FC60}.Release|Any CPU.ActiveCfg = Release|Any CPU
	EndGlobalSection
	GlobalSection(SolutionProperties) = preSolution
		HideSolutionNode = FALSE
	EndGlobalSection
	GlobalSection(ExtensibilityGlobals) = postSolution
		SolutionGuid = {1F6A08AE-96FE-4699-93B7-B614038F72A7}
	EndGlobalSection
EndGlobal
