
Microsoft Visual Studio Solution File, Format Version 12.00
# Visual Studio Version 16
VisualStudioVersion = 16.0.30413.136
MinimumVisualStudioVersion = 10.0.40219.1
Project("{888888A0-9F3D-457C-B088-3A5042F75D52}") = "U8-5", "U8-5.pyproj", "{E83B3EAC-EC14-4F2F-85D9-228D2C19530E}"
EndProject
Global
	GlobalSection(SolutionConfigurationPlatforms) = preSolution
		Debug|Any CPU = Debug|Any CPU
		Release|Any CPU = Release|Any CPU
	EndGlobalSection
	GlobalSection(ProjectConfigurationPlatforms) = postSolution
		{E83B3EAC-EC14-4F2F-85D9-228D2C19530E}.Debug|Any CPU.ActiveCfg = Debug|Any CPU
		{E83B3EAC-EC14-4F2F-85D9-228D2C19530E}.Release|Any CPU.ActiveCfg = Release|Any CPU
	EndGlobalSection
	GlobalSection(SolutionProperties) = preSolution
		HideSolutionNode = FALSE
	EndGlobalSection
	GlobalSection(ExtensibilityGlobals) = postSolution
		SolutionGuid = {4CDC542A-2A7C-4049-A6F3-AC9144673583}
	EndGlobalSection
EndGlobal
