
Microsoft Visual Studio Solution File, Format Version 12.00
# Visual Studio Version 16
VisualStudioVersion = 16.0.30413.136
MinimumVisualStudioVersion = 10.0.40219.1
Project("{888888A0-9F3D-457C-B088-3A5042F75D52}") = "U19-3", "U19-3\U19-3.pyproj", "{DB831628-BE0D-4F18-A4F0-828D0C01A2BD}"
EndProject
Global
	GlobalSection(SolutionConfigurationPlatforms) = preSolution
		Debug|Any CPU = Debug|Any CPU
		Release|Any CPU = Release|Any CPU
	EndGlobalSection
	GlobalSection(ProjectConfigurationPlatforms) = postSolution
		{DB831628-BE0D-4F18-A4F0-828D0C01A2BD}.Debug|Any CPU.ActiveCfg = Debug|Any CPU
		{DB831628-BE0D-4F18-A4F0-828D0C01A2BD}.Release|Any CPU.ActiveCfg = Release|Any CPU
	EndGlobalSection
	GlobalSection(SolutionProperties) = preSolution
		HideSolutionNode = FALSE
	EndGlobalSection
	GlobalSection(ExtensibilityGlobals) = postSolution
		SolutionGuid = {E1F13D42-E9B6-44CC-9686-A5CCE16FC515}
	EndGlobalSection
EndGlobal
