
Microsoft Visual Studio Solution File, Format Version 12.00
# Visual Studio Version 16
VisualStudioVersion = 16.0.29709.97
MinimumVisualStudioVersion = 10.0.40219.1
Project("{888888A0-9F3D-457C-B088-3A5042F75D52}") = "Hewwo OwO", "Hewwo OwO\Hewwo OwO.pyproj", "{AD720901-5A95-4044-BD05-04796E8FB818}"
EndProject
Global
	GlobalSection(SolutionConfigurationPlatforms) = preSolution
		Debug|Any CPU = Debug|Any CPU
		Release|Any CPU = Release|Any CPU
	EndGlobalSection
	GlobalSection(ProjectConfigurationPlatforms) = postSolution
		{AD720901-5A95-4044-BD05-04796E8FB818}.Debug|Any CPU.ActiveCfg = Debug|Any CPU
		{AD720901-5A95-4044-BD05-04796E8FB818}.Release|Any CPU.ActiveCfg = Release|Any CPU
	EndGlobalSection
	GlobalSection(SolutionProperties) = preSolution
		HideSolutionNode = FALSE
	EndGlobalSection
	GlobalSection(ExtensibilityGlobals) = postSolution
		SolutionGuid = {30254582-BCEE-4BD0-831C-3381B7E96482}
	EndGlobalSection
EndGlobal
