
Microsoft Visual Studio Solution File, Format Version 12.00
# Visual Studio Version 16
VisualStudioVersion = 16.0.30413.136
MinimumVisualStudioVersion = 10.0.40219.1
Project("{888888A0-9F3D-457C-B088-3A5042F75D52}") = "U12-1", "U12-1\U12-1.pyproj", "{46D962F5-01C7-4A44-97F6-9DAE4D50E409}"
EndProject
Global
	GlobalSection(SolutionConfigurationPlatforms) = preSolution
		Debug|Any CPU = Debug|Any CPU
		Release|Any CPU = Release|Any CPU
	EndGlobalSection
	GlobalSection(ProjectConfigurationPlatforms) = postSolution
		{46D962F5-01C7-4A44-97F6-9DAE4D50E409}.Debug|Any CPU.ActiveCfg = Debug|Any CPU
		{46D962F5-01C7-4A44-97F6-9DAE4D50E409}.Release|Any CPU.ActiveCfg = Release|Any CPU
	EndGlobalSection
	GlobalSection(SolutionProperties) = preSolution
		HideSolutionNode = FALSE
	EndGlobalSection
	GlobalSection(ExtensibilityGlobals) = postSolution
		SolutionGuid = {3453541F-0F56-4393-9D71-9269336BB283}
	EndGlobalSection
EndGlobal
