
Microsoft Visual Studio Solution File, Format Version 12.00
# Visual Studio Version 16
VisualStudioVersion = 16.0.30413.136
MinimumVisualStudioVersion = 10.0.40219.1
Project("{888888A0-9F3D-457C-B088-3A5042F75D52}") = "U5-17", "U5-17\U5-17.pyproj", "{410CF97E-8760-4D27-BF6E-B96001A4840B}"
EndProject
Global
	GlobalSection(SolutionConfigurationPlatforms) = preSolution
		Debug|Any CPU = Debug|Any CPU
		Release|Any CPU = Release|Any CPU
	EndGlobalSection
	GlobalSection(ProjectConfigurationPlatforms) = postSolution
		{410CF97E-8760-4D27-BF6E-B96001A4840B}.Debug|Any CPU.ActiveCfg = Debug|Any CPU
		{410CF97E-8760-4D27-BF6E-B96001A4840B}.Release|Any CPU.ActiveCfg = Release|Any CPU
	EndGlobalSection
	GlobalSection(SolutionProperties) = preSolution
		HideSolutionNode = FALSE
	EndGlobalSection
	GlobalSection(ExtensibilityGlobals) = postSolution
		SolutionGuid = {1B85546E-38F8-46EE-8FDA-2C8A7AD4D346}
	EndGlobalSection
EndGlobal
