
Microsoft Visual Studio Solution File, Format Version 12.00
# Visual Studio Version 16
VisualStudioVersion = 16.0.30413.136
MinimumVisualStudioVersion = 10.0.40219.1
Project("{888888A0-9F3D-457C-B088-3A5042F75D52}") = "U11-1", "U11-1\U11-1.pyproj", "{F865617C-DC61-4F2C-A633-C4F2420541FF}"
EndProject
Global
	GlobalSection(SolutionConfigurationPlatforms) = preSolution
		Debug|Any CPU = Debug|Any CPU
		Release|Any CPU = Release|Any CPU
	EndGlobalSection
	GlobalSection(ProjectConfigurationPlatforms) = postSolution
		{F865617C-DC61-4F2C-A633-C4F2420541FF}.Debug|Any CPU.ActiveCfg = Debug|Any CPU
		{F865617C-DC61-4F2C-A633-C4F2420541FF}.Release|Any CPU.ActiveCfg = Release|Any CPU
	EndGlobalSection
	GlobalSection(SolutionProperties) = preSolution
		HideSolutionNode = FALSE
	EndGlobalSection
	GlobalSection(ExtensibilityGlobals) = postSolution
		SolutionGuid = {6F308DE2-C0F1-4D78-8261-43D707DA0460}
	EndGlobalSection
EndGlobal
