
Microsoft Visual Studio Solution File, Format Version 12.00
# Visual Studio Version 16
VisualStudioVersion = 16.0.29709.97
MinimumVisualStudioVersion = 10.0.40219.1
Project("{FAE04EC0-301F-11D3-BF4B-00C04F79EFBC}") = "kys", "kys\kys.csproj", "{651A43AD-83BE-4ADB-8806-5755DABB12B8}"
EndProject
Global
	GlobalSection(SolutionConfigurationPlatforms) = preSolution
		Debug|Any CPU = Debug|Any CPU
		Release|Any CPU = Release|Any CPU
	EndGlobalSection
	GlobalSection(ProjectConfigurationPlatforms) = postSolution
		{651A43AD-83BE-4ADB-8806-5755DABB12B8}.Debug|Any CPU.ActiveCfg = Debug|Any CPU
		{651A43AD-83BE-4ADB-8806-5755DABB12B8}.Debug|Any CPU.Build.0 = Debug|Any CPU
		{651A43AD-83BE-4ADB-8806-5755DABB12B8}.Release|Any CPU.ActiveCfg = Release|Any CPU
		{651A43AD-83BE-4ADB-8806-5755DABB12B8}.Release|Any CPU.Build.0 = Release|Any CPU
	EndGlobalSection
	GlobalSection(SolutionProperties) = preSolution
		HideSolutionNode = FALSE
	EndGlobalSection
	GlobalSection(ExtensibilityGlobals) = postSolution
		SolutionGuid = {CFC90D1C-3A43-4851-8B13-03E410366E3B}
	EndGlobalSection
EndGlobal
