
Microsoft Visual Studio Solution File, Format Version 12.00
# Visual Studio Version 16
VisualStudioVersion = 16.0.30413.136
MinimumVisualStudioVersion = 10.0.40219.1
Project("{888888A0-9F3D-457C-B088-3A5042F75D52}") = "U12-7", "U12-7\U12-7.pyproj", "{059326F9-F725-4B09-85F3-8CB4863F5E76}"
EndProject
Global
	GlobalSection(SolutionConfigurationPlatforms) = preSolution
		Debug|Any CPU = Debug|Any CPU
		Release|Any CPU = Release|Any CPU
	EndGlobalSection
	GlobalSection(ProjectConfigurationPlatforms) = postSolution
		{059326F9-F725-4B09-85F3-8CB4863F5E76}.Debug|Any CPU.ActiveCfg = Debug|Any CPU
		{059326F9-F725-4B09-85F3-8CB4863F5E76}.Release|Any CPU.ActiveCfg = Release|Any CPU
	EndGlobalSection
	GlobalSection(SolutionProperties) = preSolution
		HideSolutionNode = FALSE
	EndGlobalSection
	GlobalSection(ExtensibilityGlobals) = postSolution
		SolutionGuid = {1510FCD2-EC75-4A0C-B5B6-D87476A421D3}
	EndGlobalSection
EndGlobal
