
Microsoft Visual Studio Solution File, Format Version 12.00
# Visual Studio Version 16
VisualStudioVersion = 16.0.30413.136
MinimumVisualStudioVersion = 10.0.40219.1
Project("{888888A0-9F3D-457C-B088-3A5042F75D52}") = "U19-2", "U19-2\U19-2.pyproj", "{47BCAA0D-D7E4-476E-84BF-A2452BC9C722}"
EndProject
Global
	GlobalSection(SolutionConfigurationPlatforms) = preSolution
		Debug|Any CPU = Debug|Any CPU
		Release|Any CPU = Release|Any CPU
	EndGlobalSection
	GlobalSection(ProjectConfigurationPlatforms) = postSolution
		{47BCAA0D-D7E4-476E-84BF-A2452BC9C722}.Debug|Any CPU.ActiveCfg = Debug|Any CPU
		{47BCAA0D-D7E4-476E-84BF-A2452BC9C722}.Release|Any CPU.ActiveCfg = Release|Any CPU
	EndGlobalSection
	GlobalSection(SolutionProperties) = preSolution
		HideSolutionNode = FALSE
	EndGlobalSection
	GlobalSection(ExtensibilityGlobals) = postSolution
		SolutionGuid = {E3A32DAA-22C0-4A98-88E1-8ADCF9F9ED61}
	EndGlobalSection
EndGlobal
