
Microsoft Visual Studio Solution File, Format Version 12.00
# Visual Studio Version 16
VisualStudioVersion = 16.0.30413.136
MinimumVisualStudioVersion = 10.0.40219.1
Project("{888888A0-9F3D-457C-B088-3A5042F75D52}") = "U6-6", "U6-6\U6-6.pyproj", "{E5BAA8F6-E0B7-4747-9108-E1B8C95A781D}"
EndProject
Global
	GlobalSection(SolutionConfigurationPlatforms) = preSolution
		Debug|Any CPU = Debug|Any CPU
		Release|Any CPU = Release|Any CPU
	EndGlobalSection
	GlobalSection(ProjectConfigurationPlatforms) = postSolution
		{E5BAA8F6-E0B7-4747-9108-E1B8C95A781D}.Debug|Any CPU.ActiveCfg = Debug|Any CPU
		{E5BAA8F6-E0B7-4747-9108-E1B8C95A781D}.Release|Any CPU.ActiveCfg = Release|Any CPU
	EndGlobalSection
	GlobalSection(SolutionProperties) = preSolution
		HideSolutionNode = FALSE
	EndGlobalSection
	GlobalSection(ExtensibilityGlobals) = postSolution
		SolutionGuid = {4B785C54-2870-46D8-A33F-A8731A21AF44}
	EndGlobalSection
EndGlobal
