
Microsoft Visual Studio Solution File, Format Version 12.00
# Visual Studio Version 16
VisualStudioVersion = 16.0.30413.136
MinimumVisualStudioVersion = 10.0.40219.1
Project("{888888A0-9F3D-457C-B088-3A5042F75D52}") = "U5-16", "U5-16\U5-16.pyproj", "{55834AE6-221C-4240-B491-CD59117315C1}"
EndProject
Global
	GlobalSection(SolutionConfigurationPlatforms) = preSolution
		Debug|Any CPU = Debug|Any CPU
		Release|Any CPU = Release|Any CPU
	EndGlobalSection
	GlobalSection(ProjectConfigurationPlatforms) = postSolution
		{55834AE6-221C-4240-B491-CD59117315C1}.Debug|Any CPU.ActiveCfg = Debug|Any CPU
		{55834AE6-221C-4240-B491-CD59117315C1}.Release|Any CPU.ActiveCfg = Release|Any CPU
	EndGlobalSection
	GlobalSection(SolutionProperties) = preSolution
		HideSolutionNode = FALSE
	EndGlobalSection
	GlobalSection(ExtensibilityGlobals) = postSolution
		SolutionGuid = {74273554-EDA8-4091-AB47-D3A5C848E059}
	EndGlobalSection
EndGlobal
