
Microsoft Visual Studio Solution File, Format Version 12.00
# Visual Studio Version 16
VisualStudioVersion = 16.0.30413.136
MinimumVisualStudioVersion = 10.0.40219.1
Project("{888888A0-9F3D-457C-B088-3A5042F75D52}") = "U14-3", "U14-3\U14-3.pyproj", "{5744CE60-5F74-43F5-B3C6-56860F799BF1}"
EndProject
Global
	GlobalSection(SolutionConfigurationPlatforms) = preSolution
		Debug|Any CPU = Debug|Any CPU
		Release|Any CPU = Release|Any CPU
	EndGlobalSection
	GlobalSection(ProjectConfigurationPlatforms) = postSolution
		{5744CE60-5F74-43F5-B3C6-56860F799BF1}.Debug|Any CPU.ActiveCfg = Debug|Any CPU
		{5744CE60-5F74-43F5-B3C6-56860F799BF1}.Release|Any CPU.ActiveCfg = Release|Any CPU
	EndGlobalSection
	GlobalSection(SolutionProperties) = preSolution
		HideSolutionNode = FALSE
	EndGlobalSection
	GlobalSection(ExtensibilityGlobals) = postSolution
		SolutionGuid = {6DC85492-0A7E-4838-B825-BA5EDA9B645E}
	EndGlobalSection
EndGlobal
