
Microsoft Visual Studio Solution File, Format Version 12.00
# Visual Studio Version 16
VisualStudioVersion = 16.0.30413.136
MinimumVisualStudioVersion = 10.0.40219.1
Project("{888888A0-9F3D-457C-B088-3A5042F75D52}") = "U5-4", "U5-4.pyproj", "{8EB5EC95-C4C6-4BF2-90D3-AB530D1AF7CF}"
EndProject
Global
	GlobalSection(SolutionConfigurationPlatforms) = preSolution
		Debug|Any CPU = Debug|Any CPU
		Release|Any CPU = Release|Any CPU
	EndGlobalSection
	GlobalSection(ProjectConfigurationPlatforms) = postSolution
		{8EB5EC95-C4C6-4BF2-90D3-AB530D1AF7CF}.Debug|Any CPU.ActiveCfg = Debug|Any CPU
		{8EB5EC95-C4C6-4BF2-90D3-AB530D1AF7CF}.Release|Any CPU.ActiveCfg = Release|Any CPU
	EndGlobalSection
	GlobalSection(SolutionProperties) = preSolution
		HideSolutionNode = FALSE
	EndGlobalSection
	GlobalSection(ExtensibilityGlobals) = postSolution
		SolutionGuid = {AF25C0F2-C5EB-4BF1-A043-4E2DCD702958}
	EndGlobalSection
EndGlobal
