
Microsoft Visual Studio Solution File, Format Version 12.00
# Visual Studio Version 16
VisualStudioVersion = 16.0.30413.136
MinimumVisualStudioVersion = 10.0.40219.1
Project("{888888A0-9F3D-457C-B088-3A5042F75D52}") = "U10-1", "U10-1.pyproj", "{31876266-0C16-4807-8DC1-48FE6E296F5D}"
EndProject
Global
	GlobalSection(SolutionConfigurationPlatforms) = preSolution
		Debug|Any CPU = Debug|Any CPU
		Release|Any CPU = Release|Any CPU
	EndGlobalSection
	GlobalSection(ProjectConfigurationPlatforms) = postSolution
		{31876266-0C16-4807-8DC1-48FE6E296F5D}.Debug|Any CPU.ActiveCfg = Debug|Any CPU
		{31876266-0C16-4807-8DC1-48FE6E296F5D}.Release|Any CPU.ActiveCfg = Release|Any CPU
	EndGlobalSection
	GlobalSection(SolutionProperties) = preSolution
		HideSolutionNode = FALSE
	EndGlobalSection
	GlobalSection(ExtensibilityGlobals) = postSolution
		SolutionGuid = {92B011A4-49EB-4A19-9076-FB2F28194F39}
	EndGlobalSection
EndGlobal
