
Microsoft Visual Studio Solution File, Format Version 12.00
# Visual Studio Version 16
VisualStudioVersion = 16.0.30413.136
MinimumVisualStudioVersion = 10.0.40219.1
Project("{888888A0-9F3D-457C-B088-3A5042F75D52}") = "U12-2", "U12-2\U12-2.pyproj", "{95A7C422-DA7C-41A5-B792-9BFA9F345720}"
EndProject
Global
	GlobalSection(SolutionConfigurationPlatforms) = preSolution
		Debug|Any CPU = Debug|Any CPU
		Release|Any CPU = Release|Any CPU
	EndGlobalSection
	GlobalSection(ProjectConfigurationPlatforms) = postSolution
		{95A7C422-DA7C-41A5-B792-9BFA9F345720}.Debug|Any CPU.ActiveCfg = Debug|Any CPU
		{95A7C422-DA7C-41A5-B792-9BFA9F345720}.Release|Any CPU.ActiveCfg = Release|Any CPU
	EndGlobalSection
	GlobalSection(SolutionProperties) = preSolution
		HideSolutionNode = FALSE
	EndGlobalSection
	GlobalSection(ExtensibilityGlobals) = postSolution
		SolutionGuid = {8462DC70-D4C3-4579-9DF5-E4367CC2D951}
	EndGlobalSection
EndGlobal
