
Microsoft Visual Studio Solution File, Format Version 12.00
# Visual Studio Version 16
VisualStudioVersion = 16.0.30413.136
MinimumVisualStudioVersion = 10.0.40219.1
Project("{888888A0-9F3D-457C-B088-3A5042F75D52}") = "U9-3", "U9-3.pyproj", "{EF3AFBE9-6AB1-4278-8F0D-D58D6126E825}"
EndProject
Global
	GlobalSection(SolutionConfigurationPlatforms) = preSolution
		Debug|Any CPU = Debug|Any CPU
		Release|Any CPU = Release|Any CPU
	EndGlobalSection
	GlobalSection(ProjectConfigurationPlatforms) = postSolution
		{EF3AFBE9-6AB1-4278-8F0D-D58D6126E825}.Debug|Any CPU.ActiveCfg = Debug|Any CPU
		{EF3AFBE9-6AB1-4278-8F0D-D58D6126E825}.Release|Any CPU.ActiveCfg = Release|Any CPU
	EndGlobalSection
	GlobalSection(SolutionProperties) = preSolution
		HideSolutionNode = FALSE
	EndGlobalSection
	GlobalSection(ExtensibilityGlobals) = postSolution
		SolutionGuid = {F64A3E66-038C-43FA-923A-8DD574766DE1}
	EndGlobalSection
EndGlobal
