
Microsoft Visual Studio Solution File, Format Version 12.00
# Visual Studio Version 16
VisualStudioVersion = 16.0.30413.136
MinimumVisualStudioVersion = 10.0.40219.1
Project("{888888A0-9F3D-457C-B088-3A5042F75D52}") = "U5-11", "U5-11.pyproj", "{CB510238-175B-47A9-8A7F-C3DCA6FA60AA}"
EndProject
Global
	GlobalSection(SolutionConfigurationPlatforms) = preSolution
		Debug|Any CPU = Debug|Any CPU
		Release|Any CPU = Release|Any CPU
	EndGlobalSection
	GlobalSection(ProjectConfigurationPlatforms) = postSolution
		{CB510238-175B-47A9-8A7F-C3DCA6FA60AA}.Debug|Any CPU.ActiveCfg = Debug|Any CPU
		{CB510238-175B-47A9-8A7F-C3DCA6FA60AA}.Release|Any CPU.ActiveCfg = Release|Any CPU
	EndGlobalSection
	GlobalSection(SolutionProperties) = preSolution
		HideSolutionNode = FALSE
	EndGlobalSection
	GlobalSection(ExtensibilityGlobals) = postSolution
		SolutionGuid = {250A9540-4433-49D4-B074-6E2163619ABC}
	EndGlobalSection
EndGlobal
