
Microsoft Visual Studio Solution File, Format Version 12.00
# Visual Studio Version 16
VisualStudioVersion = 16.0.30413.136
MinimumVisualStudioVersion = 10.0.40219.1
Project("{888888A0-9F3D-457C-B088-3A5042F75D52}") = "U5-15", "U5-15.pyproj", "{75012A3D-F343-4F47-A5F6-133850538BBB}"
EndProject
Global
	GlobalSection(SolutionConfigurationPlatforms) = preSolution
		Debug|Any CPU = Debug|Any CPU
		Release|Any CPU = Release|Any CPU
	EndGlobalSection
	GlobalSection(ProjectConfigurationPlatforms) = postSolution
		{75012A3D-F343-4F47-A5F6-133850538BBB}.Debug|Any CPU.ActiveCfg = Debug|Any CPU
		{75012A3D-F343-4F47-A5F6-133850538BBB}.Release|Any CPU.ActiveCfg = Release|Any CPU
	EndGlobalSection
	GlobalSection(SolutionProperties) = preSolution
		HideSolutionNode = FALSE
	EndGlobalSection
	GlobalSection(ExtensibilityGlobals) = postSolution
		SolutionGuid = {E010F11B-3231-4EDF-AAA2-E8F85D887596}
	EndGlobalSection
EndGlobal
