
Microsoft Visual Studio Solution File, Format Version 12.00
# Visual Studio Version 16
VisualStudioVersion = 16.0.30413.136
MinimumVisualStudioVersion = 10.0.40219.1
Project("{888888A0-9F3D-457C-B088-3A5042F75D52}") = "U5-10", "U5-10.pyproj", "{952495FB-F502-463A-89DB-E4EF78929821}"
EndProject
Global
	GlobalSection(SolutionConfigurationPlatforms) = preSolution
		Debug|Any CPU = Debug|Any CPU
		Release|Any CPU = Release|Any CPU
	EndGlobalSection
	GlobalSection(ProjectConfigurationPlatforms) = postSolution
		{952495FB-F502-463A-89DB-E4EF78929821}.Debug|Any CPU.ActiveCfg = Debug|Any CPU
		{952495FB-F502-463A-89DB-E4EF78929821}.Release|Any CPU.ActiveCfg = Release|Any CPU
	EndGlobalSection
	GlobalSection(SolutionProperties) = preSolution
		HideSolutionNode = FALSE
	EndGlobalSection
	GlobalSection(ExtensibilityGlobals) = postSolution
		SolutionGuid = {956EBAF3-D86A-49DE-85A6-7BF2D99AB266}
	EndGlobalSection
EndGlobal
